
Microsoft Visual Studio Solution File, Format Version 12.00
# Visual Studio Version 17
VisualStudioVersion = 17.3.32901.215
MinimumVisualStudioVersion = 10.0.40219.1
Project("{FAE04EC0-301F-11D3-BF4B-00C04F79EFBC}") = "Access Control Stats", "Access Control Stats\Access Control Stats.csproj", "{D16EE42A-3345-4E8D-855E-EA1EBAA52F17}"
EndProject
Global
	GlobalSection(SolutionConfigurationPlatforms) = preSolution
		Debug|Any CPU = Debug|Any CPU
		Release|Any CPU = Release|Any CPU
	EndGlobalSection
	GlobalSection(ProjectConfigurationPlatforms) = postSolution
		{D16EE42A-3345-4E8D-855E-EA1EBAA52F17}.Debug|Any CPU.ActiveCfg = Debug|Any CPU
		{D16EE42A-3345-4E8D-855E-EA1EBAA52F17}.Debug|Any CPU.Build.0 = Debug|Any CPU
		{D16EE42A-3345-4E8D-855E-EA1EBAA52F17}.Release|Any CPU.ActiveCfg = Release|Any CPU
		{D16EE42A-3345-4E8D-855E-EA1EBAA52F17}.Release|Any CPU.Build.0 = Release|Any CPU
	EndGlobalSection
	GlobalSection(SolutionProperties) = preSolution
		HideSolutionNode = FALSE
	EndGlobalSection
	GlobalSection(ExtensibilityGlobals) = postSolution
		SolutionGuid = {F5609BCB-67ED-4489-8BAE-C0C4F24A6235}
	EndGlobalSection
EndGlobal
